
Microsoft Visual Studio Solution File, Format Version 12.00
# Visual Studio 14
VisualStudioVersion = 14.0.25420.1
MinimumVisualStudioVersion = 10.0.40219.1
Project("{FAE04EC0-301F-11D3-BF4B-00C04F79EFBC}") = "Selling.Droid", "Selling\Selling.Droid\Selling.Droid.csproj", "{93376704-1CB2-4242-BD2E-39127DF28452}"
EndProject
Project("{FAE04EC0-301F-11D3-BF4B-00C04F79EFBC}") = "Selling.iOS", "Selling\Selling.iOS\Selling.iOS.csproj", "{8EA99C01-F8D6-4D5C-BF42-5BC4D43ECE89}"
EndProject
Project("{FAE04EC0-301F-11D3-BF4B-00C04F79EFBC}") = "Selling.WinPhone", "Selling\Selling.WinPhone\Selling.WinPhone.csproj", "{6878150A-5BAC-47AD-8879-4A38EAB3E650}"
EndProject
Project("{FAE04EC0-301F-11D3-BF4B-00C04F79EFBC}") = "Selling.UWP", "Selling\Selling.UWP\Selling.UWP.csproj", "{4189FC99-A122-4521-9225-B9E1AE1077DB}"
EndProject
Project("{FAE04EC0-301F-11D3-BF4B-00C04F79EFBC}") = "Selling.Windows", "Selling\Selling.Windows\Selling.Windows.csproj", "{C48B71D2-3D19-41A3-A7C3-69FFB73CC27A}"
EndProject
Project("{FAE04EC0-301F-11D3-BF4B-00C04F79EFBC}") = "Selling", "Selling\Selling\Selling.csproj", "{A7A46AB8-7189-420B-A3D1-BA03E8AE62D0}"
EndProject
Global
	GlobalSection(SolutionConfigurationPlatforms) = preSolution
		Ad-Hoc|Any CPU = Ad-Hoc|Any CPU
		Ad-Hoc|ARM = Ad-Hoc|ARM
		Ad-Hoc|iPhone = Ad-Hoc|iPhone
		Ad-Hoc|iPhoneSimulator = Ad-Hoc|iPhoneSimulator
		Ad-Hoc|x64 = Ad-Hoc|x64
		Ad-Hoc|x86 = Ad-Hoc|x86
		AppStore|Any CPU = AppStore|Any CPU
		AppStore|ARM = AppStore|ARM
		AppStore|iPhone = AppStore|iPhone
		AppStore|iPhoneSimulator = AppStore|iPhoneSimulator
		AppStore|x64 = AppStore|x64
		AppStore|x86 = AppStore|x86
		Debug|Any CPU = Debug|Any CPU
		Debug|ARM = Debug|ARM
		Debug|iPhone = Debug|iPhone
		Debug|iPhoneSimulator = Debug|iPhoneSimulator
		Debug|x64 = Debug|x64
		Debug|x86 = Debug|x86
		Release|Any CPU = Release|Any CPU
		Release|ARM = Release|ARM
		Release|iPhone = Release|iPhone
		Release|iPhoneSimulator = Release|iPhoneSimulator
		Release|x64 = Release|x64
		Release|x86 = Release|x86
	EndGlobalSection
	GlobalSection(ProjectConfigurationPlatforms) = postSolution
		{93376704-1CB2-4242-BD2E-39127DF28452}.Ad-Hoc|Any CPU.ActiveCfg = Release|Any CPU
		{93376704-1CB2-4242-BD2E-39127DF28452}.Ad-Hoc|Any CPU.Build.0 = Release|Any CPU
		{93376704-1CB2-4242-BD2E-39127DF28452}.Ad-Hoc|Any CPU.Deploy.0 = Release|Any CPU
		{93376704-1CB2-4242-BD2E-39127DF28452}.Ad-Hoc|ARM.ActiveCfg = Release|Any CPU
		{93376704-1CB2-4242-BD2E-39127DF28452}.Ad-Hoc|ARM.Build.0 = Release|Any CPU
		{93376704-1CB2-4242-BD2E-39127DF28452}.Ad-Hoc|ARM.Deploy.0 = Release|Any CPU
		{93376704-1CB2-4242-BD2E-39127DF28452}.Ad-Hoc|iPhone.ActiveCfg = Release|Any CPU
		{93376704-1CB2-4242-BD2E-39127DF28452}.Ad-Hoc|iPhone.Build.0 = Release|Any CPU
		{93376704-1CB2-4242-BD2E-39127DF28452}.Ad-Hoc|iPhone.Deploy.0 = Release|Any CPU
		{93376704-1CB2-4242-BD2E-39127DF28452}.Ad-Hoc|iPhoneSimulator.ActiveCfg = Release|Any CPU
		{93376704-1CB2-4242-BD2E-39127DF28452}.Ad-Hoc|iPhoneSimulator.Build.0 = Release|Any CPU
		{93376704-1CB2-4242-BD2E-39127DF28452}.Ad-Hoc|iPhoneSimulator.Deploy.0 = Release|Any CPU
		{93376704-1CB2-4242-BD2E-39127DF28452}.Ad-Hoc|x64.ActiveCfg = Release|Any CPU
		{93376704-1CB2-4242-BD2E-39127DF28452}.Ad-Hoc|x64.Build.0 = Release|Any CPU
		{93376704-1CB2-4242-BD2E-39127DF28452}.Ad-Hoc|x64.Deploy.0 = Release|Any CPU
		{93376704-1CB2-4242-BD2E-39127DF28452}.Ad-Hoc|x86.ActiveCfg = Release|Any CPU
		{93376704-1CB2-4242-BD2E-39127DF28452}.Ad-Hoc|x86.Build.0 = Release|Any CPU
		{93376704-1CB2-4242-BD2E-39127DF28452}.Ad-Hoc|x86.Deploy.0 = Release|Any CPU
		{93376704-1CB2-4242-BD2E-39127DF28452}.AppStore|Any CPU.ActiveCfg = Release|Any CPU
		{93376704-1CB2-4242-BD2E-39127DF28452}.AppStore|Any CPU.Build.0 = Release|Any CPU
		{93376704-1CB2-4242-BD2E-39127DF28452}.AppStore|Any CPU.Deploy.0 = Release|Any CPU
		{93376704-1CB2-4242-BD2E-39127DF28452}.AppStore|ARM.ActiveCfg = Release|Any CPU
		{93376704-1CB2-4242-BD2E-39127DF28452}.AppStore|ARM.Build.0 = Release|Any CPU
		{93376704-1CB2-4242-BD2E-39127DF28452}.AppStore|ARM.Deploy.0 = Release|Any CPU
		{93376704-1CB2-4242-BD2E-39127DF28452}.AppStore|iPhone.ActiveCfg = Release|Any CPU
		{93376704-1CB2-4242-BD2E-39127DF28452}.AppStore|iPhone.Build.0 = Release|Any CPU
		{93376704-1CB2-4242-BD2E-39127DF28452}.AppStore|iPhone.Deploy.0 = Release|Any CPU
		{93376704-1CB2-4242-BD2E-39127DF28452}.AppStore|iPhoneSimulator.ActiveCfg = Release|Any CPU
		{93376704-1CB2-4242-BD2E-39127DF28452}.AppStore|iPhoneSimulator.Build.0 = Release|Any CPU
		{93376704-1CB2-4242-BD2E-39127DF28452}.AppStore|iPhoneSimulator.Deploy.0 = Release|Any CPU
		{93376704-1CB2-4242-BD2E-39127DF28452}.AppStore|x64.ActiveCfg = Release|Any CPU
		{93376704-1CB2-4242-BD2E-39127DF28452}.AppStore|x64.Build.0 = Release|Any CPU
		{93376704-1CB2-4242-BD2E-39127DF28452}.AppStore|x64.Deploy.0 = Release|Any CPU
		{93376704-1CB2-4242-BD2E-39127DF28452}.AppStore|x86.ActiveCfg = Release|Any CPU
		{93376704-1CB2-4242-BD2E-39127DF28452}.AppStore|x86.Build.0 = Release|Any CPU
		{93376704-1CB2-4242-BD2E-39127DF28452}.AppStore|x86.Deploy.0 = Release|Any CPU
		{93376704-1CB2-4242-BD2E-39127DF28452}.Debug|Any CPU.ActiveCfg = Debug|Any CPU
		{93376704-1CB2-4242-BD2E-39127DF28452}.Debug|Any CPU.Build.0 = Debug|Any CPU
		{93376704-1CB2-4242-BD2E-39127DF28452}.Debug|Any CPU.Deploy.0 = Debug|Any CPU
		{93376704-1CB2-4242-BD2E-39127DF28452}.Debug|ARM.ActiveCfg = Debug|Any CPU
		{93376704-1CB2-4242-BD2E-39127DF28452}.Debug|ARM.Build.0 = Debug|Any CPU
		{93376704-1CB2-4242-BD2E-39127DF28452}.Debug|ARM.Deploy.0 = Debug|Any CPU
		{93376704-1CB2-4242-BD2E-39127DF28452}.Debug|iPhone.ActiveCfg = Debug|Any CPU
		{93376704-1CB2-4242-BD2E-39127DF28452}.Debug|iPhone.Build.0 = Debug|Any CPU
		{93376704-1CB2-4242-BD2E-39127DF28452}.Debug|iPhone.Deploy.0 = Debug|Any CPU
		{93376704-1CB2-4242-BD2E-39127DF28452}.Debug|iPhoneSimulator.ActiveCfg = Debug|Any CPU
		{93376704-1CB2-4242-BD2E-39127DF28452}.Debug|iPhoneSimulator.Build.0 = Debug|Any CPU
		{93376704-1CB2-4242-BD2E-39127DF28452}.Debug|iPhoneSimulator.Deploy.0 = Debug|Any CPU
		{93376704-1CB2-4242-BD2E-39127DF28452}.Debug|x64.ActiveCfg = Debug|Any CPU
		{93376704-1CB2-4242-BD2E-39127DF28452}.Debug|x64.Build.0 = Debug|Any CPU
		{93376704-1CB2-4242-BD2E-39127DF28452}.Debug|x64.Deploy.0 = Debug|Any CPU
		{93376704-1CB2-4242-BD2E-39127DF28452}.Debug|x86.ActiveCfg = Debug|Any CPU
		{93376704-1CB2-4242-BD2E-39127DF28452}.Debug|x86.Build.0 = Debug|Any CPU
		{93376704-1CB2-4242-BD2E-39127DF28452}.Debug|x86.Deploy.0 = Debug|Any CPU
		{93376704-1CB2-4242-BD2E-39127DF28452}.Release|Any CPU.ActiveCfg = Release|Any CPU
		{93376704-1CB2-4242-BD2E-39127DF28452}.Release|Any CPU.Build.0 = Release|Any CPU
		{93376704-1CB2-4242-BD2E-39127DF28452}.Release|Any CPU.Deploy.0 = Release|Any CPU
		{93376704-1CB2-4242-BD2E-39127DF28452}.Release|ARM.ActiveCfg = Release|Any CPU
		{93376704-1CB2-4242-BD2E-39127DF28452}.Release|ARM.Build.0 = Release|Any CPU
		{93376704-1CB2-4242-BD2E-39127DF28452}.Release|ARM.Deploy.0 = Release|Any CPU
		{93376704-1CB2-4242-BD2E-39127DF28452}.Release|iPhone.ActiveCfg = Release|Any CPU
		{93376704-1CB2-4242-BD2E-39127DF28452}.Release|iPhone.Build.0 = Release|Any CPU
		{93376704-1CB2-4242-BD2E-39127DF28452}.Release|iPhone.Deploy.0 = Release|Any CPU
		{93376704-1CB2-4242-BD2E-39127DF28452}.Release|iPhoneSimulator.ActiveCfg = Release|Any CPU
		{93376704-1CB2-4242-BD2E-39127DF28452}.Release|iPhoneSimulator.Build.0 = Release|Any CPU
		{93376704-1CB2-4242-BD2E-39127DF28452}.Release|iPhoneSimulator.Deploy.0 = Release|Any CPU
		{93376704-1CB2-4242-BD2E-39127DF28452}.Release|x64.ActiveCfg = Release|Any CPU
		{93376704-1CB2-4242-BD2E-39127DF28452}.Release|x64.Build.0 = Release|Any CPU
		{93376704-1CB2-4242-BD2E-39127DF28452}.Release|x64.Deploy.0 = Release|Any CPU
		{93376704-1CB2-4242-BD2E-39127DF28452}.Release|x86.ActiveCfg = Release|Any CPU
		{93376704-1CB2-4242-BD2E-39127DF28452}.Release|x86.Build.0 = Release|Any CPU
		{93376704-1CB2-4242-BD2E-39127DF28452}.Release|x86.Deploy.0 = Release|Any CPU
		{8EA99C01-F8D6-4D5C-BF42-5BC4D43ECE89}.Ad-Hoc|Any CPU.ActiveCfg = Ad-Hoc|iPhone
		{8EA99C01-F8D6-4D5C-BF42-5BC4D43ECE89}.Ad-Hoc|ARM.ActiveCfg = Ad-Hoc|iPhone
		{8EA99C01-F8D6-4D5C-BF42-5BC4D43ECE89}.Ad-Hoc|iPhone.ActiveCfg = Ad-Hoc|iPhone
		{8EA99C01-F8D6-4D5C-BF42-5BC4D43ECE89}.Ad-Hoc|iPhone.Build.0 = Ad-Hoc|iPhone
		{8EA99C01-F8D6-4D5C-BF42-5BC4D43ECE89}.Ad-Hoc|iPhoneSimulator.ActiveCfg = Ad-Hoc|iPhoneSimulator
		{8EA99C01-F8D6-4D5C-BF42-5BC4D43ECE89}.Ad-Hoc|iPhoneSimulator.Build.0 = Ad-Hoc|iPhoneSimulator
		{8EA99C01-F8D6-4D5C-BF42-5BC4D43ECE89}.Ad-Hoc|x64.ActiveCfg = Ad-Hoc|iPhone
		{8EA99C01-F8D6-4D5C-BF42-5BC4D43ECE89}.Ad-Hoc|x86.ActiveCfg = Ad-Hoc|iPhone
		{8EA99C01-F8D6-4D5C-BF42-5BC4D43ECE89}.AppStore|Any CPU.ActiveCfg = AppStore|iPhone
		{8EA99C01-F8D6-4D5C-BF42-5BC4D43ECE89}.AppStore|ARM.ActiveCfg = AppStore|iPhone
		{8EA99C01-F8D6-4D5C-BF42-5BC4D43ECE89}.AppStore|iPhone.ActiveCfg = AppStore|iPhone
		{8EA99C01-F8D6-4D5C-BF42-5BC4D43ECE89}.AppStore|iPhone.Build.0 = AppStore|iPhone
		{8EA99C01-F8D6-4D5C-BF42-5BC4D43ECE89}.AppStore|iPhoneSimulator.ActiveCfg = AppStore|iPhoneSimulator
		{8EA99C01-F8D6-4D5C-BF42-5BC4D43ECE89}.AppStore|iPhoneSimulator.Build.0 = AppStore|iPhoneSimulator
		{8EA99C01-F8D6-4D5C-BF42-5BC4D43ECE89}.AppStore|x64.ActiveCfg = AppStore|iPhone
		{8EA99C01-F8D6-4D5C-BF42-5BC4D43ECE89}.AppStore|x86.ActiveCfg = AppStore|iPhone
		{8EA99C01-F8D6-4D5C-BF42-5BC4D43ECE89}.Debug|Any CPU.ActiveCfg = Debug|iPhone
		{8EA99C01-F8D6-4D5C-BF42-5BC4D43ECE89}.Debug|ARM.ActiveCfg = Debug|iPhone
		{8EA99C01-F8D6-4D5C-BF42-5BC4D43ECE89}.Debug|iPhone.ActiveCfg = Debug|iPhone
		{8EA99C01-F8D6-4D5C-BF42-5BC4D43ECE89}.Debug|iPhone.Build.0 = Debug|iPhone
		{8EA99C01-F8D6-4D5C-BF42-5BC4D43ECE89}.Debug|iPhoneSimulator.ActiveCfg = Debug|iPhoneSimulator
		{8EA99C01-F8D6-4D5C-BF42-5BC4D43ECE89}.Debug|iPhoneSimulator.Build.0 = Debug|iPhoneSimulator
		{8EA99C01-F8D6-4D5C-BF42-5BC4D43ECE89}.Debug|x64.ActiveCfg = Debug|iPhone
		{8EA99C01-F8D6-4D5C-BF42-5BC4D43ECE89}.Debug|x86.ActiveCfg = Debug|iPhone
		{8EA99C01-F8D6-4D5C-BF42-5BC4D43ECE89}.Release|Any CPU.ActiveCfg = Release|iPhone
		{8EA99C01-F8D6-4D5C-BF42-5BC4D43ECE89}.Release|ARM.ActiveCfg = Release|iPhone
		{8EA99C01-F8D6-4D5C-BF42-5BC4D43ECE89}.Release|iPhone.ActiveCfg = Release|iPhone
		{8EA99C01-F8D6-4D5C-BF42-5BC4D43ECE89}.Release|iPhone.Build.0 = Release|iPhone
		{8EA99C01-F8D6-4D5C-BF42-5BC4D43ECE89}.Release|iPhoneSimulator.ActiveCfg = Release|iPhoneSimulator
		{8EA99C01-F8D6-4D5C-BF42-5BC4D43ECE89}.Release|iPhoneSimulator.Build.0 = Release|iPhoneSimulator
		{8EA99C01-F8D6-4D5C-BF42-5BC4D43ECE89}.Release|x64.ActiveCfg = Release|iPhone
		{8EA99C01-F8D6-4D5C-BF42-5BC4D43ECE89}.Release|x86.ActiveCfg = Release|iPhone
		{6878150A-5BAC-47AD-8879-4A38EAB3E650}.Ad-Hoc|Any CPU.ActiveCfg = Release|Any CPU
		{6878150A-5BAC-47AD-8879-4A38EAB3E650}.Ad-Hoc|Any CPU.Build.0 = Release|Any CPU
		{6878150A-5BAC-47AD-8879-4A38EAB3E650}.Ad-Hoc|Any CPU.Deploy.0 = Release|Any CPU
		{6878150A-5BAC-47AD-8879-4A38EAB3E650}.Ad-Hoc|ARM.ActiveCfg = Release|ARM
		{6878150A-5BAC-47AD-8879-4A38EAB3E650}.Ad-Hoc|ARM.Build.0 = Release|ARM
		{6878150A-5BAC-47AD-8879-4A38EAB3E650}.Ad-Hoc|ARM.Deploy.0 = Release|ARM
		{6878150A-5BAC-47AD-8879-4A38EAB3E650}.Ad-Hoc|iPhone.ActiveCfg = Release|Any CPU
		{6878150A-5BAC-47AD-8879-4A38EAB3E650}.Ad-Hoc|iPhone.Build.0 = Release|Any CPU
		{6878150A-5BAC-47AD-8879-4A38EAB3E650}.Ad-Hoc|iPhone.Deploy.0 = Release|Any CPU
		{6878150A-5BAC-47AD-8879-4A38EAB3E650}.Ad-Hoc|iPhoneSimulator.ActiveCfg = Release|Any CPU
		{6878150A-5BAC-47AD-8879-4A38EAB3E650}.Ad-Hoc|iPhoneSimulator.Build.0 = Release|Any CPU
		{6878150A-5BAC-47AD-8879-4A38EAB3E650}.Ad-Hoc|iPhoneSimulator.Deploy.0 = Release|Any CPU
		{6878150A-5BAC-47AD-8879-4A38EAB3E650}.Ad-Hoc|x64.ActiveCfg = Release|Any CPU
		{6878150A-5BAC-47AD-8879-4A38EAB3E650}.Ad-Hoc|x64.Build.0 = Release|Any CPU
		{6878150A-5BAC-47AD-8879-4A38EAB3E650}.Ad-Hoc|x64.Deploy.0 = Release|Any CPU
		{6878150A-5BAC-47AD-8879-4A38EAB3E650}.Ad-Hoc|x86.ActiveCfg = Release|x86
		{6878150A-5BAC-47AD-8879-4A38EAB3E650}.Ad-Hoc|x86.Build.0 = Release|x86
		{6878150A-5BAC-47AD-8879-4A38EAB3E650}.Ad-Hoc|x86.Deploy.0 = Release|x86
		{6878150A-5BAC-47AD-8879-4A38EAB3E650}.AppStore|Any CPU.ActiveCfg = Release|Any CPU
		{6878150A-5BAC-47AD-8879-4A38EAB3E650}.AppStore|Any CPU.Build.0 = Release|Any CPU
		{6878150A-5BAC-47AD-8879-4A38EAB3E650}.AppStore|Any CPU.Deploy.0 = Release|Any CPU
		{6878150A-5BAC-47AD-8879-4A38EAB3E650}.AppStore|ARM.ActiveCfg = Release|ARM
		{6878150A-5BAC-47AD-8879-4A38EAB3E650}.AppStore|ARM.Build.0 = Release|ARM
		{6878150A-5BAC-47AD-8879-4A38EAB3E650}.AppStore|ARM.Deploy.0 = Release|ARM
		{6878150A-5BAC-47AD-8879-4A38EAB3E650}.AppStore|iPhone.ActiveCfg = Release|Any CPU
		{6878150A-5BAC-47AD-8879-4A38EAB3E650}.AppStore|iPhone.Build.0 = Release|Any CPU
		{6878150A-5BAC-47AD-8879-4A38EAB3E650}.AppStore|iPhone.Deploy.0 = Release|Any CPU
		{6878150A-5BAC-47AD-8879-4A38EAB3E650}.AppStore|iPhoneSimulator.ActiveCfg = Release|Any CPU
		{6878150A-5BAC-47AD-8879-4A38EAB3E650}.AppStore|iPhoneSimulator.Build.0 = Release|Any CPU
		{6878150A-5BAC-47AD-8879-4A38EAB3E650}.AppStore|iPhoneSimulator.Deploy.0 = Release|Any CPU
		{6878150A-5BAC-47AD-8879-4A38EAB3E650}.AppStore|x64.ActiveCfg = Release|Any CPU
		{6878150A-5BAC-47AD-8879-4A38EAB3E650}.AppStore|x64.Build.0 = Release|Any CPU
		{6878150A-5BAC-47AD-8879-4A38EAB3E650}.AppStore|x64.Deploy.0 = Release|Any CPU
		{6878150A-5BAC-47AD-8879-4A38EAB3E650}.AppStore|x86.ActiveCfg = Release|x86
		{6878150A-5BAC-47AD-8879-4A38EAB3E650}.AppStore|x86.Build.0 = Release|x86
		{6878150A-5BAC-47AD-8879-4A38EAB3E650}.AppStore|x86.Deploy.0 = Release|x86
		{6878150A-5BAC-47AD-8879-4A38EAB3E650}.Debug|Any CPU.ActiveCfg = Debug|Any CPU
		{6878150A-5BAC-47AD-8879-4A38EAB3E650}.Debug|ARM.ActiveCfg = Debug|ARM
		{6878150A-5BAC-47AD-8879-4A38EAB3E650}.Debug|ARM.Build.0 = Debug|ARM
		{6878150A-5BAC-47AD-8879-4A38EAB3E650}.Debug|ARM.Deploy.0 = Debug|ARM
		{6878150A-5BAC-47AD-8879-4A38EAB3E650}.Debug|iPhone.ActiveCfg = Debug|Any CPU
		{6878150A-5BAC-47AD-8879-4A38EAB3E650}.Debug|iPhone.Build.0 = Debug|Any CPU
		{6878150A-5BAC-47AD-8879-4A38EAB3E650}.Debug|iPhone.Deploy.0 = Debug|Any CPU
		{6878150A-5BAC-47AD-8879-4A38EAB3E650}.Debug|iPhoneSimulator.ActiveCfg = Debug|Any CPU
		{6878150A-5BAC-47AD-8879-4A38EAB3E650}.Debug|iPhoneSimulator.Build.0 = Debug|Any CPU
		{6878150A-5BAC-47AD-8879-4A38EAB3E650}.Debug|iPhoneSimulator.Deploy.0 = Debug|Any CPU
		{6878150A-5BAC-47AD-8879-4A38EAB3E650}.Debug|x64.ActiveCfg = Debug|Any CPU
		{6878150A-5BAC-47AD-8879-4A38EAB3E650}.Debug|x64.Build.0 = Debug|Any CPU
		{6878150A-5BAC-47AD-8879-4A38EAB3E650}.Debug|x64.Deploy.0 = Debug|Any CPU
		{6878150A-5BAC-47AD-8879-4A38EAB3E650}.Debug|x86.ActiveCfg = Debug|x86
		{6878150A-5BAC-47AD-8879-4A38EAB3E650}.Debug|x86.Build.0 = Debug|x86
		{6878150A-5BAC-47AD-8879-4A38EAB3E650}.Debug|x86.Deploy.0 = Debug|x86
		{6878150A-5BAC-47AD-8879-4A38EAB3E650}.Release|Any CPU.ActiveCfg = Release|Any CPU
		{6878150A-5BAC-47AD-8879-4A38EAB3E650}.Release|Any CPU.Build.0 = Release|Any CPU
		{6878150A-5BAC-47AD-8879-4A38EAB3E650}.Release|Any CPU.Deploy.0 = Release|Any CPU
		{6878150A-5BAC-47AD-8879-4A38EAB3E650}.Release|ARM.ActiveCfg = Release|ARM
		{6878150A-5BAC-47AD-8879-4A38EAB3E650}.Release|ARM.Build.0 = Release|ARM
		{6878150A-5BAC-47AD-8879-4A38EAB3E650}.Release|ARM.Deploy.0 = Release|ARM
		{6878150A-5BAC-47AD-8879-4A38EAB3E650}.Release|iPhone.ActiveCfg = Release|Any CPU
		{6878150A-5BAC-47AD-8879-4A38EAB3E650}.Release|iPhone.Build.0 = Release|Any CPU
		{6878150A-5BAC-47AD-8879-4A38EAB3E650}.Release|iPhone.Deploy.0 = Release|Any CPU
		{6878150A-5BAC-47AD-8879-4A38EAB3E650}.Release|iPhoneSimulator.ActiveCfg = Release|Any CPU
		{6878150A-5BAC-47AD-8879-4A38EAB3E650}.Release|iPhoneSimulator.Build.0 = Release|Any CPU
		{6878150A-5BAC-47AD-8879-4A38EAB3E650}.Release|iPhoneSimulator.Deploy.0 = Release|Any CPU
		{6878150A-5BAC-47AD-8879-4A38EAB3E650}.Release|x64.ActiveCfg = Release|Any CPU
		{6878150A-5BAC-47AD-8879-4A38EAB3E650}.Release|x64.Build.0 = Release|Any CPU
		{6878150A-5BAC-47AD-8879-4A38EAB3E650}.Release|x64.Deploy.0 = Release|Any CPU
		{6878150A-5BAC-47AD-8879-4A38EAB3E650}.Release|x86.ActiveCfg = Release|x86
		{6878150A-5BAC-47AD-8879-4A38EAB3E650}.Release|x86.Build.0 = Release|x86
		{6878150A-5BAC-47AD-8879-4A38EAB3E650}.Release|x86.Deploy.0 = Release|x86
		{4189FC99-A122-4521-9225-B9E1AE1077DB}.Ad-Hoc|Any CPU.ActiveCfg = Release|x86
		{4189FC99-A122-4521-9225-B9E1AE1077DB}.Ad-Hoc|Any CPU.Build.0 = Release|x86
		{4189FC99-A122-4521-9225-B9E1AE1077DB}.Ad-Hoc|Any CPU.Deploy.0 = Release|x86
		{4189FC99-A122-4521-9225-B9E1AE1077DB}.Ad-Hoc|ARM.ActiveCfg = Release|ARM
		{4189FC99-A122-4521-9225-B9E1AE1077DB}.Ad-Hoc|ARM.Build.0 = Release|ARM
		{4189FC99-A122-4521-9225-B9E1AE1077DB}.Ad-Hoc|ARM.Deploy.0 = Release|ARM
		{4189FC99-A122-4521-9225-B9E1AE1077DB}.Ad-Hoc|iPhone.ActiveCfg = Release|x86
		{4189FC99-A122-4521-9225-B9E1AE1077DB}.Ad-Hoc|iPhone.Build.0 = Release|x86
		{4189FC99-A122-4521-9225-B9E1AE1077DB}.Ad-Hoc|iPhone.Deploy.0 = Release|x86
		{4189FC99-A122-4521-9225-B9E1AE1077DB}.Ad-Hoc|iPhoneSimulator.ActiveCfg = Release|x86
		{4189FC99-A122-4521-9225-B9E1AE1077DB}.Ad-Hoc|iPhoneSimulator.Build.0 = Release|x86
		{4189FC99-A122-4521-9225-B9E1AE1077DB}.Ad-Hoc|iPhoneSimulator.Deploy.0 = Release|x86
		{4189FC99-A122-4521-9225-B9E1AE1077DB}.Ad-Hoc|x64.ActiveCfg = Release|x64
		{4189FC99-A122-4521-9225-B9E1AE1077DB}.Ad-Hoc|x64.Build.0 = Release|x64
		{4189FC99-A122-4521-9225-B9E1AE1077DB}.Ad-Hoc|x64.Deploy.0 = Release|x64
		{4189FC99-A122-4521-9225-B9E1AE1077DB}.Ad-Hoc|x86.ActiveCfg = Release|x86
		{4189FC99-A122-4521-9225-B9E1AE1077DB}.Ad-Hoc|x86.Build.0 = Release|x86
		{4189FC99-A122-4521-9225-B9E1AE1077DB}.Ad-Hoc|x86.Deploy.0 = Release|x86
		{4189FC99-A122-4521-9225-B9E1AE1077DB}.AppStore|Any CPU.ActiveCfg = Release|x86
		{4189FC99-A122-4521-9225-B9E1AE1077DB}.AppStore|Any CPU.Build.0 = Release|x86
		{4189FC99-A122-4521-9225-B9E1AE1077DB}.AppStore|Any CPU.Deploy.0 = Release|x86
		{4189FC99-A122-4521-9225-B9E1AE1077DB}.AppStore|ARM.ActiveCfg = Release|ARM
		{4189FC99-A122-4521-9225-B9E1AE1077DB}.AppStore|ARM.Build.0 = Release|ARM
		{4189FC99-A122-4521-9225-B9E1AE1077DB}.AppStore|ARM.Deploy.0 = Release|ARM
		{4189FC99-A122-4521-9225-B9E1AE1077DB}.AppStore|iPhone.ActiveCfg = Release|x86
		{4189FC99-A122-4521-9225-B9E1AE1077DB}.AppStore|iPhone.Build.0 = Release|x86
		{4189FC99-A122-4521-9225-B9E1AE1077DB}.AppStore|iPhone.Deploy.0 = Release|x86
		{4189FC99-A122-4521-9225-B9E1AE1077DB}.AppStore|iPhoneSimulator.ActiveCfg = Release|x86
		{4189FC99-A122-4521-9225-B9E1AE1077DB}.AppStore|iPhoneSimulator.Build.0 = Release|x86
		{4189FC99-A122-4521-9225-B9E1AE1077DB}.AppStore|iPhoneSimulator.Deploy.0 = Release|x86
		{4189FC99-A122-4521-9225-B9E1AE1077DB}.AppStore|x64.ActiveCfg = Release|x64
		{4189FC99-A122-4521-9225-B9E1AE1077DB}.AppStore|x64.Build.0 = Release|x64
		{4189FC99-A122-4521-9225-B9E1AE1077DB}.AppStore|x64.Deploy.0 = Release|x64
		{4189FC99-A122-4521-9225-B9E1AE1077DB}.AppStore|x86.ActiveCfg = Release|x86
		{4189FC99-A122-4521-9225-B9E1AE1077DB}.AppStore|x86.Build.0 = Release|x86
		{4189FC99-A122-4521-9225-B9E1AE1077DB}.AppStore|x86.Deploy.0 = Release|x86
		{4189FC99-A122-4521-9225-B9E1AE1077DB}.Debug|Any CPU.ActiveCfg = Debug|x86
		{4189FC99-A122-4521-9225-B9E1AE1077DB}.Debug|ARM.ActiveCfg = Debug|ARM
		{4189FC99-A122-4521-9225-B9E1AE1077DB}.Debug|ARM.Build.0 = Debug|ARM
		{4189FC99-A122-4521-9225-B9E1AE1077DB}.Debug|ARM.Deploy.0 = Debug|ARM
		{4189FC99-A122-4521-9225-B9E1AE1077DB}.Debug|iPhone.ActiveCfg = Debug|x86
		{4189FC99-A122-4521-9225-B9E1AE1077DB}.Debug|iPhoneSimulator.ActiveCfg = Debug|x86
		{4189FC99-A122-4521-9225-B9E1AE1077DB}.Debug|x64.ActiveCfg = Debug|x64
		{4189FC99-A122-4521-9225-B9E1AE1077DB}.Debug|x64.Build.0 = Debug|x64
		{4189FC99-A122-4521-9225-B9E1AE1077DB}.Debug|x64.Deploy.0 = Debug|x64
		{4189FC99-A122-4521-9225-B9E1AE1077DB}.Debug|x86.ActiveCfg = Debug|x86
		{4189FC99-A122-4521-9225-B9E1AE1077DB}.Debug|x86.Build.0 = Debug|x86
		{4189FC99-A122-4521-9225-B9E1AE1077DB}.Debug|x86.Deploy.0 = Debug|x86
		{4189FC99-A122-4521-9225-B9E1AE1077DB}.Release|Any CPU.ActiveCfg = Release|x86
		{4189FC99-A122-4521-9225-B9E1AE1077DB}.Release|ARM.ActiveCfg = Release|ARM
		{4189FC99-A122-4521-9225-B9E1AE1077DB}.Release|ARM.Build.0 = Release|ARM
		{4189FC99-A122-4521-9225-B9E1AE1077DB}.Release|ARM.Deploy.0 = Release|ARM
		{4189FC99-A122-4521-9225-B9E1AE1077DB}.Release|iPhone.ActiveCfg = Release|x86
		{4189FC99-A122-4521-9225-B9E1AE1077DB}.Release|iPhoneSimulator.ActiveCfg = Release|x86
		{4189FC99-A122-4521-9225-B9E1AE1077DB}.Release|x64.ActiveCfg = Release|x64
		{4189FC99-A122-4521-9225-B9E1AE1077DB}.Release|x64.Build.0 = Release|x64
		{4189FC99-A122-4521-9225-B9E1AE1077DB}.Release|x64.Deploy.0 = Release|x64
		{4189FC99-A122-4521-9225-B9E1AE1077DB}.Release|x86.ActiveCfg = Release|x86
		{4189FC99-A122-4521-9225-B9E1AE1077DB}.Release|x86.Build.0 = Release|x86
		{4189FC99-A122-4521-9225-B9E1AE1077DB}.Release|x86.Deploy.0 = Release|x86
		{C48B71D2-3D19-41A3-A7C3-69FFB73CC27A}.Ad-Hoc|Any CPU.ActiveCfg = Release|Any CPU
		{C48B71D2-3D19-41A3-A7C3-69FFB73CC27A}.Ad-Hoc|Any CPU.Build.0 = Release|Any CPU
		{C48B71D2-3D19-41A3-A7C3-69FFB73CC27A}.Ad-Hoc|Any CPU.Deploy.0 = Release|Any CPU
		{C48B71D2-3D19-41A3-A7C3-69FFB73CC27A}.Ad-Hoc|ARM.ActiveCfg = Release|ARM
		{C48B71D2-3D19-41A3-A7C3-69FFB73CC27A}.Ad-Hoc|ARM.Build.0 = Release|ARM
		{C48B71D2-3D19-41A3-A7C3-69FFB73CC27A}.Ad-Hoc|ARM.Deploy.0 = Release|ARM
		{C48B71D2-3D19-41A3-A7C3-69FFB73CC27A}.Ad-Hoc|iPhone.ActiveCfg = Release|Any CPU
		{C48B71D2-3D19-41A3-A7C3-69FFB73CC27A}.Ad-Hoc|iPhone.Build.0 = Release|Any CPU
		{C48B71D2-3D19-41A3-A7C3-69FFB73CC27A}.Ad-Hoc|iPhone.Deploy.0 = Release|Any CPU
		{C48B71D2-3D19-41A3-A7C3-69FFB73CC27A}.Ad-Hoc|iPhoneSimulator.ActiveCfg = Release|Any CPU
		{C48B71D2-3D19-41A3-A7C3-69FFB73CC27A}.Ad-Hoc|iPhoneSimulator.Build.0 = Release|Any CPU
		{C48B71D2-3D19-41A3-A7C3-69FFB73CC27A}.Ad-Hoc|iPhoneSimulator.Deploy.0 = Release|Any CPU
		{C48B71D2-3D19-41A3-A7C3-69FFB73CC27A}.Ad-Hoc|x64.ActiveCfg = Release|x64
		{C48B71D2-3D19-41A3-A7C3-69FFB73CC27A}.Ad-Hoc|x64.Build.0 = Release|x64
		{C48B71D2-3D19-41A3-A7C3-69FFB73CC27A}.Ad-Hoc|x64.Deploy.0 = Release|x64
		{C48B71D2-3D19-41A3-A7C3-69FFB73CC27A}.Ad-Hoc|x86.ActiveCfg = Release|x86
		{C48B71D2-3D19-41A3-A7C3-69FFB73CC27A}.Ad-Hoc|x86.Build.0 = Release|x86
		{C48B71D2-3D19-41A3-A7C3-69FFB73CC27A}.Ad-Hoc|x86.Deploy.0 = Release|x86
		{C48B71D2-3D19-41A3-A7C3-69FFB73CC27A}.AppStore|Any CPU.ActiveCfg = Release|Any CPU
		{C48B71D2-3D19-41A3-A7C3-69FFB73CC27A}.AppStore|Any CPU.Build.0 = Release|Any CPU
		{C48B71D2-3D19-41A3-A7C3-69FFB73CC27A}.AppStore|Any CPU.Deploy.0 = Release|Any CPU
		{C48B71D2-3D19-41A3-A7C3-69FFB73CC27A}.AppStore|ARM.ActiveCfg = Release|ARM
		{C48B71D2-3D19-41A3-A7C3-69FFB73CC27A}.AppStore|ARM.Build.0 = Release|ARM
		{C48B71D2-3D19-41A3-A7C3-69FFB73CC27A}.AppStore|ARM.Deploy.0 = Release|ARM
		{C48B71D2-3D19-41A3-A7C3-69FFB73CC27A}.AppStore|iPhone.ActiveCfg = Release|Any CPU
		{C48B71D2-3D19-41A3-A7C3-69FFB73CC27A}.AppStore|iPhone.Build.0 = Release|Any CPU
		{C48B71D2-3D19-41A3-A7C3-69FFB73CC27A}.AppStore|iPhone.Deploy.0 = Release|Any CPU
		{C48B71D2-3D19-41A3-A7C3-69FFB73CC27A}.AppStore|iPhoneSimulator.ActiveCfg = Release|Any CPU
		{C48B71D2-3D19-41A3-A7C3-69FFB73CC27A}.AppStore|iPhoneSimulator.Build.0 = Release|Any CPU
		{C48B71D2-3D19-41A3-A7C3-69FFB73CC27A}.AppStore|iPhoneSimulator.Deploy.0 = Release|Any CPU
		{C48B71D2-3D19-41A3-A7C3-69FFB73CC27A}.AppStore|x64.ActiveCfg = Release|x64
		{C48B71D2-3D19-41A3-A7C3-69FFB73CC27A}.AppStore|x64.Build.0 = Release|x64
		{C48B71D2-3D19-41A3-A7C3-69FFB73CC27A}.AppStore|x64.Deploy.0 = Release|x64
		{C48B71D2-3D19-41A3-A7C3-69FFB73CC27A}.AppStore|x86.ActiveCfg = Release|x86
		{C48B71D2-3D19-41A3-A7C3-69FFB73CC27A}.AppStore|x86.Build.0 = Release|x86
		{C48B71D2-3D19-41A3-A7C3-69FFB73CC27A}.AppStore|x86.Deploy.0 = Release|x86
		{C48B71D2-3D19-41A3-A7C3-69FFB73CC27A}.Debug|Any CPU.ActiveCfg = Debug|Any CPU
		{C48B71D2-3D19-41A3-A7C3-69FFB73CC27A}.Debug|ARM.ActiveCfg = Debug|ARM
		{C48B71D2-3D19-41A3-A7C3-69FFB73CC27A}.Debug|ARM.Build.0 = Debug|ARM
		{C48B71D2-3D19-41A3-A7C3-69FFB73CC27A}.Debug|ARM.Deploy.0 = Debug|ARM
		{C48B71D2-3D19-41A3-A7C3-69FFB73CC27A}.Debug|iPhone.ActiveCfg = Debug|Any CPU
		{C48B71D2-3D19-41A3-A7C3-69FFB73CC27A}.Debug|iPhone.Build.0 = Debug|Any CPU
		{C48B71D2-3D19-41A3-A7C3-69FFB73CC27A}.Debug|iPhone.Deploy.0 = Debug|Any CPU
		{C48B71D2-3D19-41A3-A7C3-69FFB73CC27A}.Debug|iPhoneSimulator.ActiveCfg = Debug|Any CPU
		{C48B71D2-3D19-41A3-A7C3-69FFB73CC27A}.Debug|iPhoneSimulator.Build.0 = Debug|Any CPU
		{C48B71D2-3D19-41A3-A7C3-69FFB73CC27A}.Debug|iPhoneSimulator.Deploy.0 = Debug|Any CPU
		{C48B71D2-3D19-41A3-A7C3-69FFB73CC27A}.Debug|x64.ActiveCfg = Debug|x64
		{C48B71D2-3D19-41A3-A7C3-69FFB73CC27A}.Debug|x64.Build.0 = Debug|x64
		{C48B71D2-3D19-41A3-A7C3-69FFB73CC27A}.Debug|x64.Deploy.0 = Debug|x64
		{C48B71D2-3D19-41A3-A7C3-69FFB73CC27A}.Debug|x86.ActiveCfg = Debug|x86
		{C48B71D2-3D19-41A3-A7C3-69FFB73CC27A}.Debug|x86.Build.0 = Debug|x86
		{C48B71D2-3D19-41A3-A7C3-69FFB73CC27A}.Debug|x86.Deploy.0 = Debug|x86
		{C48B71D2-3D19-41A3-A7C3-69FFB73CC27A}.Release|Any CPU.ActiveCfg = Release|Any CPU
		{C48B71D2-3D19-41A3-A7C3-69FFB73CC27A}.Release|Any CPU.Build.0 = Release|Any CPU
		{C48B71D2-3D19-41A3-A7C3-69FFB73CC27A}.Release|Any CPU.Deploy.0 = Release|Any CPU
		{C48B71D2-3D19-41A3-A7C3-69FFB73CC27A}.Release|ARM.ActiveCfg = Release|ARM
		{C48B71D2-3D19-41A3-A7C3-69FFB73CC27A}.Release|ARM.Build.0 = Release|ARM
		{C48B71D2-3D19-41A3-A7C3-69FFB73CC27A}.Release|ARM.Deploy.0 = Release|ARM
		{C48B71D2-3D19-41A3-A7C3-69FFB73CC27A}.Release|iPhone.ActiveCfg = Release|Any CPU
		{C48B71D2-3D19-41A3-A7C3-69FFB73CC27A}.Release|iPhone.Build.0 = Release|Any CPU
		{C48B71D2-3D19-41A3-A7C3-69FFB73CC27A}.Release|iPhone.Deploy.0 = Release|Any CPU
		{C48B71D2-3D19-41A3-A7C3-69FFB73CC27A}.Release|iPhoneSimulator.ActiveCfg = Release|Any CPU
		{C48B71D2-3D19-41A3-A7C3-69FFB73CC27A}.Release|iPhoneSimulator.Build.0 = Release|Any CPU
		{C48B71D2-3D19-41A3-A7C3-69FFB73CC27A}.Release|iPhoneSimulator.Deploy.0 = Release|Any CPU
		{C48B71D2-3D19-41A3-A7C3-69FFB73CC27A}.Release|x64.ActiveCfg = Release|x64
		{C48B71D2-3D19-41A3-A7C3-69FFB73CC27A}.Release|x64.Build.0 = Release|x64
		{C48B71D2-3D19-41A3-A7C3-69FFB73CC27A}.Release|x64.Deploy.0 = Release|x64
		{C48B71D2-3D19-41A3-A7C3-69FFB73CC27A}.Release|x86.ActiveCfg = Release|x86
		{C48B71D2-3D19-41A3-A7C3-69FFB73CC27A}.Release|x86.Build.0 = Release|x86
		{C48B71D2-3D19-41A3-A7C3-69FFB73CC27A}.Release|x86.Deploy.0 = Release|x86
		{A7A46AB8-7189-420B-A3D1-BA03E8AE62D0}.Ad-Hoc|Any CPU.ActiveCfg = Release|Any CPU
		{A7A46AB8-7189-420B-A3D1-BA03E8AE62D0}.Ad-Hoc|Any CPU.Build.0 = Release|Any CPU
		{A7A46AB8-7189-420B-A3D1-BA03E8AE62D0}.Ad-Hoc|ARM.ActiveCfg = Release|Any CPU
		{A7A46AB8-7189-420B-A3D1-BA03E8AE62D0}.Ad-Hoc|ARM.Build.0 = Release|Any CPU
		{A7A46AB8-7189-420B-A3D1-BA03E8AE62D0}.Ad-Hoc|iPhone.ActiveCfg = Release|Any CPU
		{A7A46AB8-7189-420B-A3D1-BA03E8AE62D0}.Ad-Hoc|iPhone.Build.0 = Release|Any CPU
		{A7A46AB8-7189-420B-A3D1-BA03E8AE62D0}.Ad-Hoc|iPhoneSimulator.ActiveCfg = Release|Any CPU
		{A7A46AB8-7189-420B-A3D1-BA03E8AE62D0}.Ad-Hoc|iPhoneSimulator.Build.0 = Release|Any CPU
		{A7A46AB8-7189-420B-A3D1-BA03E8AE62D0}.Ad-Hoc|x64.ActiveCfg = Release|Any CPU
		{A7A46AB8-7189-420B-A3D1-BA03E8AE62D0}.Ad-Hoc|x64.Build.0 = Release|Any CPU
		{A7A46AB8-7189-420B-A3D1-BA03E8AE62D0}.Ad-Hoc|x86.ActiveCfg = Release|Any CPU
		{A7A46AB8-7189-420B-A3D1-BA03E8AE62D0}.Ad-Hoc|x86.Build.0 = Release|Any CPU
		{A7A46AB8-7189-420B-A3D1-BA03E8AE62D0}.AppStore|Any CPU.ActiveCfg = Release|Any CPU
		{A7A46AB8-7189-420B-A3D1-BA03E8AE62D0}.AppStore|Any CPU.Build.0 = Release|Any CPU
		{A7A46AB8-7189-420B-A3D1-BA03E8AE62D0}.AppStore|ARM.ActiveCfg = Release|Any CPU
		{A7A46AB8-7189-420B-A3D1-BA03E8AE62D0}.AppStore|ARM.Build.0 = Release|Any CPU
		{A7A46AB8-7189-420B-A3D1-BA03E8AE62D0}.AppStore|iPhone.ActiveCfg = Release|Any CPU
		{A7A46AB8-7189-420B-A3D1-BA03E8AE62D0}.AppStore|iPhone.Build.0 = Release|Any CPU
		{A7A46AB8-7189-420B-A3D1-BA03E8AE62D0}.AppStore|iPhoneSimulator.ActiveCfg = Release|Any CPU
		{A7A46AB8-7189-420B-A3D1-BA03E8AE62D0}.AppStore|iPhoneSimulator.Build.0 = Release|Any CPU
		{A7A46AB8-7189-420B-A3D1-BA03E8AE62D0}.AppStore|x64.ActiveCfg = Release|Any CPU
		{A7A46AB8-7189-420B-A3D1-BA03E8AE62D0}.AppStore|x64.Build.0 = Release|Any CPU
		{A7A46AB8-7189-420B-A3D1-BA03E8AE62D0}.AppStore|x86.ActiveCfg = Release|Any CPU
		{A7A46AB8-7189-420B-A3D1-BA03E8AE62D0}.AppStore|x86.Build.0 = Release|Any CPU
		{A7A46AB8-7189-420B-A3D1-BA03E8AE62D0}.Debug|Any CPU.ActiveCfg = Debug|Any CPU
		{A7A46AB8-7189-420B-A3D1-BA03E8AE62D0}.Debug|Any CPU.Build.0 = Debug|Any CPU
		{A7A46AB8-7189-420B-A3D1-BA03E8AE62D0}.Debug|ARM.ActiveCfg = Debug|Any CPU
		{A7A46AB8-7189-420B-A3D1-BA03E8AE62D0}.Debug|ARM.Build.0 = Debug|Any CPU
		{A7A46AB8-7189-420B-A3D1-BA03E8AE62D0}.Debug|iPhone.ActiveCfg = Debug|Any CPU
		{A7A46AB8-7189-420B-A3D1-BA03E8AE62D0}.Debug|iPhone.Build.0 = Debug|Any CPU
		{A7A46AB8-7189-420B-A3D1-BA03E8AE62D0}.Debug|iPhoneSimulator.ActiveCfg = Debug|Any CPU
		{A7A46AB8-7189-420B-A3D1-BA03E8AE62D0}.Debug|iPhoneSimulator.Build.0 = Debug|Any CPU
		{A7A46AB8-7189-420B-A3D1-BA03E8AE62D0}.Debug|x64.ActiveCfg = Debug|Any CPU
		{A7A46AB8-7189-420B-A3D1-BA03E8AE62D0}.Debug|x64.Build.0 = Debug|Any CPU
		{A7A46AB8-7189-420B-A3D1-BA03E8AE62D0}.Debug|x86.ActiveCfg = Debug|Any CPU
		{A7A46AB8-7189-420B-A3D1-BA03E8AE62D0}.Debug|x86.Build.0 = Debug|Any CPU
		{A7A46AB8-7189-420B-A3D1-BA03E8AE62D0}.Release|Any CPU.ActiveCfg = Release|Any CPU
		{A7A46AB8-7189-420B-A3D1-BA03E8AE62D0}.Release|Any CPU.Build.0 = Release|Any CPU
		{A7A46AB8-7189-420B-A3D1-BA03E8AE62D0}.Release|ARM.ActiveCfg = Release|Any CPU
		{A7A46AB8-7189-420B-A3D1-BA03E8AE62D0}.Release|ARM.Build.0 = Release|Any CPU
		{A7A46AB8-7189-420B-A3D1-BA03E8AE62D0}.Release|iPhone.ActiveCfg = Release|Any CPU
		{A7A46AB8-7189-420B-A3D1-BA03E8AE62D0}.Release|iPhone.Build.0 = Release|Any CPU
		{A7A46AB8-7189-420B-A3D1-BA03E8AE62D0}.Release|iPhoneSimulator.ActiveCfg = Release|Any CPU
		{A7A46AB8-7189-420B-A3D1-BA03E8AE62D0}.Release|iPhoneSimulator.Build.0 = Release|Any CPU
		{A7A46AB8-7189-420B-A3D1-BA03E8AE62D0}.Release|x64.ActiveCfg = Release|Any CPU
		{A7A46AB8-7189-420B-A3D1-BA03E8AE62D0}.Release|x64.Build.0 = Release|Any CPU
		{A7A46AB8-7189-420B-A3D1-BA03E8AE62D0}.Release|x86.ActiveCfg = Release|Any CPU
		{A7A46AB8-7189-420B-A3D1-BA03E8AE62D0}.Release|x86.Build.0 = Release|Any CPU
	EndGlobalSection
	GlobalSection(SolutionProperties) = preSolution
		HideSolutionNode = FALSE
	EndGlobalSection
EndGlobal
